// !$*UTF8*$!
{
	archiveVersion = 1;
	classes = {
	};
	objectVersion = 50;
	objects = {

/* Begin PBXBuildFile section */
		544DAFE22398F9BD0010595E /* AppDelegate.swift in Sources */ = {isa = PBXBuildFile; fileRef = 544DAFE12398F9BD0010595E /* AppDelegate.swift */; };
		544DAFE42398F9BD0010595E /* SceneDelegate.swift in Sources */ = {isa = PBXBuildFile; fileRef = 544DAFE32398F9BD0010595E /* SceneDelegate.swift */; };
		544DAFE62398F9BD0010595E /* MapViewController.swift in Sources */ = {isa = PBXBuildFile; fileRef = 544DAFE52398F9BD0010595E /* MapViewController.swift */; };
		544DAFE92398F9BD0010595E /* Main.storyboard in Resources */ = {isa = PBXBuildFile; fileRef = 544DAFE72398F9BD0010595E /* Main.storyboard */; };
		544DAFEB2398F9BE0010595E /* Assets.xcassets in Resources */ = {isa = PBXBuildFile; fileRef = 544DAFEA2398F9BE0010595E /* Assets.xcassets */; };
		544DAFEE2398F9BE0010595E /* LaunchScreen.storyboard in Resources */ = {isa = PBXBuildFile; fileRef = 544DAFEC2398F9BE0010595E /* LaunchScreen.storyboard */; };
		544DAFF92398F9BE0010595E /* FindGoodCafeTests.swift in Sources */ = {isa = PBXBuildFile; fileRef = 544DAFF82398F9BE0010595E /* FindGoodCafeTests.swift */; };
		544DB0042398F9BE0010595E /* FindGoodCafeUITests.swift in Sources */ = {isa = PBXBuildFile; fileRef = 544DB0032398F9BE0010595E /* FindGoodCafeUITests.swift */; };
		544DB01223A0C9090010595E /* MapViewManager.swift in Sources */ = {isa = PBXBuildFile; fileRef = 544DB01123A0C9090010595E /* MapViewManager.swift */; };
		544DB01423A2496D0010595E /* Common.swift in Sources */ = {isa = PBXBuildFile; fileRef = 544DB01323A2496D0010595E /* Common.swift */; };
		544DB01723A24A850010595E /* MapKit.framework in Frameworks */ = {isa = PBXBuildFile; fileRef = 544DB01623A24A850010595E /* MapKit.framework */; };
		544DB01923A25BEF0010595E /* Session.swift in Sources */ = {isa = PBXBuildFile; fileRef = 544DB01823A25BEF0010595E /* Session.swift */; };
/* End PBXBuildFile section */

/* Begin PBXContainerItemProxy section */
		544DAFF52398F9BE0010595E /* PBXContainerItemProxy */ = {
			isa = PBXContainerItemProxy;
			containerPortal = 544DAFD62398F9BD0010595E /* Project object */;
			proxyType = 1;
			remoteGlobalIDString = 544DAFDD2398F9BD0010595E;
			remoteInfo = FindGoodCafe;
		};
		544DB0002398F9BE0010595E /* PBXContainerItemProxy */ = {
			isa = PBXContainerItemProxy;
			containerPortal = 544DAFD62398F9BD0010595E /* Project object */;
			proxyType = 1;
			remoteGlobalIDString = 544DAFDD2398F9BD0010595E;
			remoteInfo = FindGoodCafe;
		};
/* End PBXContainerItemProxy section */

/* Begin PBXFileReference section */
		544DAFDE2398F9BD0010595E /* FindGoodCafe.app */ = {isa = PBXFileReference; explicitFileType = wrapper.application; includeInIndex = 0; path = FindGoodCafe.app; sourceTree = BUILT_PRODUCTS_DIR; };
		544DAFE12398F9BD0010595E /* AppDelegate.swift */ = {isa = PBXFileReference; lastKnownFileType = sourcecode.swift; path = AppDelegate.swift; sourceTree = "<group>"; };
		544DAFE32398F9BD0010595E /* SceneDelegate.swift */ = {isa = PBXFileReference; lastKnownFileType = sourcecode.swift; path = SceneDelegate.swift; sourceTree = "<group>"; };
		544DAFE52398F9BD0010595E /* MapViewController.swift */ = {isa = PBXFileReference; lastKnownFileType = sourcecode.swift; path = MapViewController.swift; sourceTree = "<group>"; };
		544DAFE82398F9BD0010595E /* Base */ = {isa = PBXFileReference; lastKnownFileType = file.storyboard; name = Base; path = Base.lproj/Main.storyboard; sourceTree = "<group>"; };
		544DAFEA2398F9BE0010595E /* Assets.xcassets */ = {isa = PBXFileReference; lastKnownFileType = folder.assetcatalog; path = Assets.xcassets; sourceTree = "<group>"; };
		544DAFED2398F9BE0010595E /* Base */ = {isa = PBXFileReference; lastKnownFileType = file.storyboard; name = Base; path = Base.lproj/LaunchScreen.storyboard; sourceTree = "<group>"; };
		544DAFEF2398F9BE0010595E /* Info.plist */ = {isa = PBXFileReference; lastKnownFileType = text.plist.xml; path = Info.plist; sourceTree = "<group>"; };
		544DAFF42398F9BE0010595E /* FindGoodCafeTests.xctest */ = {isa = PBXFileReference; explicitFileType = wrapper.cfbundle; includeInIndex = 0; path = FindGoodCafeTests.xctest; sourceTree = BUILT_PRODUCTS_DIR; };
		544DAFF82398F9BE0010595E /* FindGoodCafeTests.swift */ = {isa = PBXFileReference; lastKnownFileType = sourcecode.swift; path = FindGoodCafeTests.swift; sourceTree = "<group>"; };
		544DAFFA2398F9BE0010595E /* Info.plist */ = {isa = PBXFileReference; lastKnownFileType = text.plist.xml; path = Info.plist; sourceTree = "<group>"; };
		544DAFFF2398F9BE0010595E /* FindGoodCafeUITests.xctest */ = {isa = PBXFileReference; explicitFileType = wrapper.cfbundle; includeInIndex = 0; path = FindGoodCafeUITests.xctest; sourceTree = BUILT_PRODUCTS_DIR; };
		544DB0032398F9BE0010595E /* FindGoodCafeUITests.swift */ = {isa = PBXFileReference; lastKnownFileType = sourcecode.swift; path = FindGoodCafeUITests.swift; sourceTree = "<group>"; };
		544DB0052398F9BE0010595E /* Info.plist */ = {isa = PBXFileReference; lastKnownFileType = text.plist.xml; path = Info.plist; sourceTree = "<group>"; };
		544DB01123A0C9090010595E /* MapViewManager.swift */ = {isa = PBXFileReference; lastKnownFileType = sourcecode.swift; path = MapViewManager.swift; sourceTree = "<group>"; };
		544DB01323A2496D0010595E /* Common.swift */ = {isa = PBXFileReference; lastKnownFileType = sourcecode.swift; path = Common.swift; sourceTree = "<group>"; };
		544DB01623A24A850010595E /* MapKit.framework */ = {isa = PBXFileReference; lastKnownFileType = wrapper.framework; name = MapKit.framework; path = System/Library/Frameworks/MapKit.framework; sourceTree = SDKROOT; };
		544DB01823A25BEF0010595E /* Session.swift */ = {isa = PBXFileReference; lastKnownFileType = sourcecode.swift; path = Session.swift; sourceTree = "<group>"; };
/* End PBXFileReference section */

/* Begin PBXFrameworksBuildPhase section */
		544DAFDB2398F9BD0010595E /* Frameworks */ = {
			isa = PBXFrameworksBuildPhase;
			buildActionMask = 2147483647;
			files = (
				544DB01723A24A850010595E /* MapKit.framework in Frameworks */,
			);
			runOnlyForDeploymentPostprocessing = 0;
		};
		544DAFF12398F9BE0010595E /* Frameworks */ = {
			isa = PBXFrameworksBuildPhase;
			buildActionMask = 2147483647;
			files = (
			);
			runOnlyForDeploymentPostprocessing = 0;
		};
		544DAFFC2398F9BE0010595E /* Frameworks */ = {
			isa = PBXFrameworksBuildPhase;
			buildActionMask = 2147483647;
			files = (
			);
			runOnlyForDeploymentPostprocessing = 0;
		};
/* End PBXFrameworksBuildPhase section */

/* Begin PBXGroup section */
		544DAFD52398F9BD0010595E = {
			isa = PBXGroup;
			children = (
				544DAFE02398F9BD0010595E /* FindGoodCafe */,
				544DAFF72398F9BE0010595E /* FindGoodCafeTests */,
				544DB0022398F9BE0010595E /* FindGoodCafeUITests */,
				544DAFDF2398F9BD0010595E /* Products */,
				544DB01523A24A850010595E /* Frameworks */,
			);
			sourceTree = "<group>";
		};
		544DAFDF2398F9BD0010595E /* Products */ = {
			isa = PBXGroup;
			children = (
				544DAFDE2398F9BD0010595E /* FindGoodCafe.app */,
				544DAFF42398F9BE0010595E /* FindGoodCafeTests.xctest */,
				544DAFFF2398F9BE0010595E /* FindGoodCafeUITests.xctest */,
			);
			name = Products;
			sourceTree = "<group>";
		};
		544DAFE02398F9BD0010595E /* FindGoodCafe */ = {
			isa = PBXGroup;
			children = (
				544DAFE12398F9BD0010595E /* AppDelegate.swift */,
				544DAFE32398F9BD0010595E /* SceneDelegate.swift */,
				544DAFE52398F9BD0010595E /* MapViewController.swift */,
				544DB01823A25BEF0010595E /* Session.swift */,
				544DB01323A2496D0010595E /* Common.swift */,
				544DB01123A0C9090010595E /* MapViewManager.swift */,
				544DAFE72398F9BD0010595E /* Main.storyboard */,
				544DAFEA2398F9BE0010595E /* Assets.xcassets */,
				544DAFEC2398F9BE0010595E /* LaunchScreen.storyboard */,
				544DAFEF2398F9BE0010595E /* Info.plist */,
			);
			path = FindGoodCafe;
			sourceTree = "<group>";
		};
		544DAFF72398F9BE0010595E /* FindGoodCafeTests */ = {
			isa = PBXGroup;
			children = (
				544DAFF82398F9BE0010595E /* FindGoodCafeTests.swift */,
				544DAFFA2398F9BE0010595E /* Info.plist */,
			);
			path = FindGoodCafeTests;
			sourceTree = "<group>";
		};
		544DB0022398F9BE0010595E /* FindGoodCafeUITests */ = {
			isa = PBXGroup;
			children = (
				544DB0032398F9BE0010595E /* FindGoodCafeUITests.swift */,
				544DB0052398F9BE0010595E /* Info.plist */,
			);
			path = FindGoodCafeUITests;
			sourceTree = "<group>";
		};
		544DB01523A24A850010595E /* Frameworks */ = {
			isa = PBXGroup;
			children = (
				544DB01623A24A850010595E /* MapKit.framework */,
			);
			name = Frameworks;
			sourceTree = "<group>";
		};
/* End PBXGroup section */

/* Begin PBXNativeTarget section */
		544DAFDD2398F9BD0010595E /* FindGoodCafe */ = {
			isa = PBXNativeTarget;
			buildConfigurationList = 544DB0082398F9BE0010595E /* Build configuration list for PBXNativeTarget "FindGoodCafe" */;
			buildPhases = (
				544DAFDA2398F9BD0010595E /* Sources */,
				544DAFDB2398F9BD0010595E /* Frameworks */,
				544DAFDC2398F9BD0010595E /* Resources */,
			);
			buildRules = (
			);
			dependencies = (
			);
			name = FindGoodCafe;
			productName = FindGoodCafe;
			productReference = 544DAFDE2398F9BD0010595E /* FindGoodCafe.app */;
			productType = "com.apple.product-type.application";
		};
		544DAFF32398F9BE0010595E /* FindGoodCafeTests */ = {
			isa = PBXNativeTarget;
			buildConfigurationList = 544DB00B2398F9BE0010595E /* Build configuration list for PBXNativeTarget "FindGoodCafeTests" */;
			buildPhases = (
				544DAFF02398F9BE0010595E /* Sources */,
				544DAFF12398F9BE0010595E /* Frameworks */,
				544DAFF22398F9BE0010595E /* Resources */,
			);
			buildRules = (
			);
			dependencies = (
				544DAFF62398F9BE0010595E /* PBXTargetDependency */,
			);
			name = FindGoodCafeTests;
			productName = FindGoodCafeTests;
			productReference = 544DAFF42398F9BE0010595E /* FindGoodCafeTests.xctest */;
			productType = "com.apple.product-type.bundle.unit-test";
		};
		544DAFFE2398F9BE0010595E /* FindGoodCafeUITests */ = {
			isa = PBXNativeTarget;
			buildConfigurationList = 544DB00E2398F9BE0010595E /* Build configuration list for PBXNativeTarget "FindGoodCafeUITests" */;
			buildPhases = (
				544DAFFB2398F9BE0010595E /* Sources */,
				544DAFFC2398F9BE0010595E /* Frameworks */,
				544DAFFD2398F9BE0010595E /* Resources */,
			);
			buildRules = (
			);
			dependencies = (
				544DB0012398F9BE0010595E /* PBXTargetDependency */,
			);
			name = FindGoodCafeUITests;
			productName = FindGoodCafeUITests;
			productReference = 544DAFFF2398F9BE0010595E /* FindGoodCafeUITests.xctest */;
			productType = "com.apple.product-type.bundle.ui-testing";
		};
/* End PBXNativeTarget section */

/* Begin PBXProject section */
		544DAFD62398F9BD0010595E /* Project object */ = {
			isa = PBXProject;
			attributes = {
				LastSwiftUpdateCheck = 1100;
				LastUpgradeCheck = 1100;
				ORGANIZATIONNAME = "Kuan-Chieh Feng";
				TargetAttributes = {
					544DAFDD2398F9BD0010595E = {
						CreatedOnToolsVersion = 11.0;
					};
					544DAFF32398F9BE0010595E = {
						CreatedOnToolsVersion = 11.0;
						TestTargetID = 544DAFDD2398F9BD0010595E;
					};
					544DAFFE2398F9BE0010595E = {
						CreatedOnToolsVersion = 11.0;
						TestTargetID = 544DAFDD2398F9BD0010595E;
					};
				};
			};
			buildConfigurationList = 544DAFD92398F9BD0010595E /* Build configuration list for PBXProject "FindGoodCafe" */;
			compatibilityVersion = "Xcode 9.3";
			developmentRegion = en;
			hasScannedForEncodings = 0;
			knownRegions = (
				en,
				Base,
			);
			mainGroup = 544DAFD52398F9BD0010595E;
			productRefGroup = 544DAFDF2398F9BD0010595E /* Products */;
			projectDirPath = "";
			projectRoot = "";
			targets = (
				544DAFDD2398F9BD0010595E /* FindGoodCafe */,
				544DAFF32398F9BE0010595E /* FindGoodCafeTests */,
				544DAFFE2398F9BE0010595E /* FindGoodCafeUITests */,
			);
		};
/* End PBXProject section */

/* Begin PBXResourcesBuildPhase section */
		544DAFDC2398F9BD0010595E /* Resources */ = {
			isa = PBXResourcesBuildPhase;
			buildActionMask = 2147483647;
			files = (
				544DAFEE2398F9BE0010595E /* LaunchScreen.storyboard in Resources */,
				544DAFEB2398F9BE0010595E /* Assets.xcassets in Resources */,
				544DAFE92398F9BD0010595E /* Main.storyboard in Resources */,
			);
			runOnlyForDeploymentPostprocessing = 0;
		};
		544DAFF22398F9BE0010595E /* Resources */ = {
			isa = PBXResourcesBuildPhase;
			buildActionMask = 2147483647;
			files = (
			);
			runOnlyForDeploymentPostprocessing = 0;
		};
		544DAFFD2398F9BE0010595E /* Resources */ = {
			isa = PBXResourcesBuildPhase;
			buildActionMask = 2147483647;
			files = (
			);
			runOnlyForDeploymentPostprocessing = 0;
		};
/* End PBXResourcesBuildPhase section */

/* Begin PBXSourcesBuildPhase section */
		544DAFDA2398F9BD0010595E /* Sources */ = {
			isa = PBXSourcesBuildPhase;
			buildActionMask = 2147483647;
			files = (
				544DAFE62398F9BD0010595E /* MapViewController.swift in Sources */,
				544DAFE22398F9BD0010595E /* AppDelegate.swift in Sources */,
				544DB01923A25BEF0010595E /* Session.swift in Sources */,
				544DAFE42398F9BD0010595E /* SceneDelegate.swift in Sources */,
				544DB01423A2496D0010595E /* Common.swift in Sources */,
				544DB01223A0C9090010595E /* MapViewManager.swift in Sources */,
			);
			runOnlyForDeploymentPostprocessing = 0;
		};
		544DAFF02398F9BE0010595E /* Sources */ = {
			isa = PBXSourcesBuildPhase;
			buildActionMask = 2147483647;
			files = (
				544DAFF92398F9BE0010595E /* FindGoodCafeTests.swift in Sources */,
			);
			runOnlyForDeploymentPostprocessing = 0;
		};
		544DAFFB2398F9BE0010595E /* Sources */ = {
			isa = PBXSourcesBuildPhase;
			buildActionMask = 2147483647;
			files = (
				544DB0042398F9BE0010595E /* FindGoodCafeUITests.swift in Sources */,
			);
			runOnlyForDeploymentPostprocessing = 0;
		};
/* End PBXSourcesBuildPhase section */

/* Begin PBXTargetDependency section */
		544DAFF62398F9BE0010595E /* PBXTargetDependency */ = {
			isa = PBXTargetDependency;
			target = 544DAFDD2398F9BD0010595E /* FindGoodCafe */;
			targetProxy = 544DAFF52398F9BE0010595E /* PBXContainerItemProxy */;
		};
		544DB0012398F9BE0010595E /* PBXTargetDependency */ = {
			isa = PBXTargetDependency;
			target = 544DAFDD2398F9BD0010595E /* FindGoodCafe */;
			targetProxy = 544DB0002398F9BE0010595E /* PBXContainerItemProxy */;
		};
/* End PBXTargetDependency section */

/* Begin PBXVariantGroup section */
		544DAFE72398F9BD0010595E /* Main.storyboard */ = {
			isa = PBXVariantGroup;
			children = (
				544DAFE82398F9BD0010595E /* Base */,
			);
			name = Main.storyboard;
			sourceTree = "<group>";
		};
		544DAFEC2398F9BE0010595E /* LaunchScreen.storyboard */ = {
			isa = PBXVariantGroup;
			children = (
				544DAFED2398F9BE0010595E /* Base */,
			);
			name = LaunchScreen.storyboard;
			sourceTree = "<group>";
		};
/* End PBXVariantGroup section */

/* Begin XCBuildConfiguration section */
		544DB0062398F9BE0010595E /* Debug */ = {
			isa = XCBuildConfiguration;
			buildSettings = {
				ALWAYS_SEARCH_USER_PATHS = NO;
				CLANG_ANALYZER_NONNULL = YES;
				CLANG_ANALYZER_NUMBER_OBJECT_CONVERSION = YES_AGGRESSIVE;
				CLANG_CXX_LANGUAGE_STANDARD = "gnu++14";
				CLANG_CXX_LIBRARY = "libc++";
				CLANG_ENABLE_MODULES = YES;
				CLANG_ENABLE_OBJC_ARC = YES;
				CLANG_ENABLE_OBJC_WEAK = YES;
				CLANG_WARN_BLOCK_CAPTURE_AUTORELEASING = YES;
				CLANG_WARN_BOOL_CONVERSION = YES;
				CLANG_WARN_COMMA = YES;
				CLANG_WARN_CONSTANT_CONVERSION = YES;
				CLANG_WARN_DEPRECATED_OBJC_IMPLEMENTATIONS = YES;
				CLANG_WARN_DIRECT_OBJC_ISA_USAGE = YES_ERROR;
				CLANG_WARN_DOCUMENTATION_COMMENTS = YES;
				CLANG_WARN_EMPTY_BODY = YES;
				CLANG_WARN_ENUM_CONVERSION = YES;
				CLANG_WARN_INFINITE_RECURSION = YES;
				CLANG_WARN_INT_CONVERSION = YES;
				CLANG_WARN_NON_LITERAL_NULL_CONVERSION = YES;
				CLANG_WARN_OBJC_IMPLICIT_RETAIN_SELF = YES;
				CLANG_WARN_OBJC_LITERAL_CONVERSION = YES;
				CLANG_WARN_OBJC_ROOT_CLASS = YES_ERROR;
				CLANG_WARN_RANGE_LOOP_ANALYSIS = YES;
				CLANG_WARN_STRICT_PROTOTYPES = YES;
				CLANG_WARN_SUSPICIOUS_MOVE = YES;
				CLANG_WARN_UNGUARDED_AVAILABILITY = YES_AGGRESSIVE;
				CLANG_WARN_UNREACHABLE_CODE = YES;
				CLANG_WARN__DUPLICATE_METHOD_MATCH = YES;
				COPY_PHASE_STRIP = NO;
				DEBUG_INFORMATION_FORMAT = dwarf;
				ENABLE_STRICT_OBJC_MSGSEND = YES;
				ENABLE_TESTABILITY = YES;
				GCC_C_LANGUAGE_STANDARD = gnu11;
				GCC_DYNAMIC_NO_PIC = NO;
				GCC_NO_COMMON_BLOCKS = YES;
				GCC_OPTIMIZATION_LEVEL = 0;
				GCC_PREPROCESSOR_DEFINITIONS = (
					"DEBUG=1",
					"$(inherited)",
				);
				GCC_WARN_64_TO_32_BIT_CONVERSION = YES;
				GCC_WARN_ABOUT_RETURN_TYPE = YES_ERROR;
				GCC_WARN_UNDECLARED_SELECTOR = YES;
				GCC_WARN_UNINITIALIZED_AUTOS = YES_AGGRESSIVE;
				GCC_WARN_UNUSED_FUNCTION = YES;
				GCC_WARN_UNUSED_VARIABLE = YES;
				IPHONEOS_DEPLOYMENT_TARGET = 13.0;
				MTL_ENABLE_DEBUG_INFO = INCLUDE_SOURCE;
				MTL_FAST_MATH = YES;
				ONLY_ACTIVE_ARCH = YES;
				SDKROOT = iphoneos;
				SWIFT_ACTIVE_COMPILATION_CONDITIONS = DEBUG;
				SWIFT_OPTIMIZATION_LEVEL = "-Onone";
			};
			name = Debug;
		};
		544DB0072398F9BE0010595E /* Release */ = {
			isa = XCBuildConfiguration;
			buildSettings = {
				ALWAYS_SEARCH_USER_PATHS = NO;
				CLANG_ANALYZER_NONNULL = YES;
				CLANG_ANALYZER_NUMBER_OBJECT_CONVERSION = YES_AGGRESSIVE;
				CLANG_CXX_LANGUAGE_STANDARD = "gnu++14";
				CLANG_CXX_LIBRARY = "libc++";
				CLANG_ENABLE_MODULES = YES;
				CLANG_ENABLE_OBJC_ARC = YES;
				CLANG_ENABLE_OBJC_WEAK = YES;
				CLANG_WARN_BLOCK_CAPTURE_AUTORELEASING = YES;
				CLANG_WARN_BOOL_CONVERSION = YES;
				CLANG_WARN_COMMA = YES;
				CLANG_WARN_CONSTANT_CONVERSION = YES;
				CLANG_WARN_DEPRECATED_OBJC_IMPLEMENTATIONS = YES;
				CLANG_WARN_DIRECT_OBJC_ISA_USAGE = YES_ERROR;
				CLANG_WARN_DOCUMENTATION_COMMENTS = YES;
				CLANG_WARN_EMPTY_BODY = YES;
				CLANG_WARN_ENUM_CONVERSION = YES;
				CLANG_WARN_INFINITE_RECURSION = YES;
				CLANG_WARN_INT_CONVERSION = YES;
				CLANG_WARN_NON_LITERAL_NULL_CONVERSION = YES;
				CLANG_WARN_OBJC_IMPLICIT_RETAIN_SELF = YES;
				CLANG_WARN_OBJC_LITERAL_CONVERSION = YES;
				CLANG_WARN_OBJC_ROOT_CLASS = YES_ERROR;
				CLANG_WARN_RANGE_LOOP_ANALYSIS = YES;
				CLANG_WARN_STRICT_PROTOTYPES = YES;
				CLANG_WARN_SUSPICIOUS_MOVE = YES;
				CLANG_WARN_UNGUARDED_AVAILABILITY = YES_AGGRESSIVE;
				CLANG_WARN_UNREACHABLE_CODE = YES;
				CLANG_WARN__DUPLICATE_METHOD_MATCH = YES;
				COPY_PHASE_STRIP = NO;
				DEBUG_INFORMATION_FORMAT = "dwarf-with-dsym";
				ENABLE_NS_ASSERTIONS = NO;
				ENABLE_STRICT_OBJC_MSGSEND = YES;
				GCC_C_LANGUAGE_STANDARD = gnu11;
				GCC_NO_COMMON_BLOCKS = YES;
				GCC_WARN_64_TO_32_BIT_CONVERSION = YES;
				GCC_WARN_ABOUT_RETURN_TYPE = YES_ERROR;
				GCC_WARN_UNDECLARED_SELECTOR = YES;
				GCC_WARN_UNINITIALIZED_AUTOS = YES_AGGRESSIVE;
				GCC_WARN_UNUSED_FUNCTION = YES;
				GCC_WARN_UNUSED_VARIABLE = YES;
				IPHONEOS_DEPLOYMENT_TARGET = 13.0;
				MTL_ENABLE_DEBUG_INFO = NO;
				MTL_FAST_MATH = YES;
				SDKROOT = iphoneos;
				SWIFT_COMPILATION_MODE = wholemodule;
				SWIFT_OPTIMIZATION_LEVEL = "-O";
				VALIDATE_PRODUCT = YES;
			};
			name = Release;
		};
		544DB0092398F9BE0010595E /* Debug */ = {
			isa = XCBuildConfiguration;
			buildSettings = {
				ASSETCATALOG_COMPILER_APPICON_NAME = AppIcon;
				CODE_SIGN_STYLE = Automatic;
				DEVELOPMENT_TEAM = 244PY8XQKP;
				INFOPLIST_FILE = FindGoodCafe/Info.plist;
				LD_RUNPATH_SEARCH_PATHS = (
					"$(inherited)",
					"@executable_path/Frameworks",
				);
				PRODUCT_BUNDLE_IDENTIFIER = com.GordonFeng.FindGoodCafe;
				PRODUCT_NAME = "$(TARGET_NAME)";
				SWIFT_VERSION = 5.0;
				TARGETED_DEVICE_FAMILY = "1,2";
			};
			name = Debug;
		};
		544DB00A2398F9BE0010595E /* Release */ = {
			isa = XCBuildConfiguration;
			buildSettings = {
				ASSETCATALOG_COMPILER_APPICON_NAME = AppIcon;
				CODE_SIGN_STYLE = Automatic;
				DEVELOPMENT_TEAM = 244PY8XQKP;
				INFOPLIST_FILE = FindGoodCafe/Info.plist;
				LD_RUNPATH_SEARCH_PATHS = (
					"$(inherited)",
					"@executable_path/Frameworks",
				);
				PRODUCT_BUNDLE_IDENTIFIER = com.GordonFeng.FindGoodCafe;
				PRODUCT_NAME = "$(TARGET_NAME)";
				SWIFT_VERSION = 5.0;
				TARGETED_DEVICE_FAMILY = "1,2";
			};
			name = Release;
		};
		544DB00C2398F9BE0010595E /* Debug */ = {
			isa = XCBuildConfiguration;
			buildSettings = {
				ALWAYS_EMBED_SWIFT_STANDARD_LIBRARIES = YES;
				BUNDLE_LOADER = "$(TEST_HOST)";
				CODE_SIGN_STYLE = Automatic;
				DEVELOPMENT_TEAM = 244PY8XQKP;
				INFOPLIST_FILE = FindGoodCafeTests/Info.plist;
				IPHONEOS_DEPLOYMENT_TARGET = 13.0;
				LD_RUNPATH_SEARCH_PATHS = (
					"$(inherited)",
					"@executable_path/Frameworks",
					"@loader_path/Frameworks",
				);
				PRODUCT_BUNDLE_IDENTIFIER = com.GordonFeng.FindGoodCafeTests;
				PRODUCT_NAME = "$(TARGET_NAME)";
				SWIFT_VERSION = 5.0;
				TARGETED_DEVICE_FAMILY = "1,2";
				TEST_HOST = "$(BUILT_PRODUCTS_DIR)/FindGoodCafe.app/FindGoodCafe";
			};
			name = Debug;
		};
		544DB00D2398F9BE0010595E /* Release */ = {
			isa = XCBuildConfiguration;
			buildSettings = {
				ALWAYS_EMBED_SWIFT_STANDARD_LIBRARIES = YES;
				BUNDLE_LOADER = "$(TEST_HOST)";
				CODE_SIGN_STYLE = Automatic;
				DEVELOPMENT_TEAM = 244PY8XQKP;
				INFOPLIST_FILE = FindGoodCafeTests/Info.plist;
				IPHONEOS_DEPLOYMENT_TARGET = 13.0;
				LD_RUNPATH_SEARCH_PATHS = (
					"$(inherited)",
					"@executable_path/Frameworks",
					"@loader_path/Frameworks",
				);
				PRODUCT_BUNDLE_IDENTIFIER = com.GordonFeng.FindGoodCafeTests;
				PRODUCT_NAME = "$(TARGET_NAME)";
				SWIFT_VERSION = 5.0;
				TARGETED_DEVICE_FAMILY = "1,2";
				TEST_HOST = "$(BUILT_PRODUCTS_DIR)/FindGoodCafe.app/FindGoodCafe";
			};
			name = Release;
		};
		544DB00F2398F9BE0010595E /* Debug */ = {
			isa = XCBuildConfiguration;
			buildSettings = {
				ALWAYS_EMBED_SWIFT_STANDARD_LIBRARIES = YES;
				CODE_SIGN_STYLE = Automatic;
				DEVELOPMENT_TEAM = 244PY8XQKP;
				INFOPLIST_FILE = FindGoodCafeUITests/Info.plist;
				LD_RUNPATH_SEARCH_PATHS = (
					"$(inherited)",
					"@executable_path/Frameworks",
					"@loader_path/Frameworks",
				);
				PRODUCT_BUNDLE_IDENTIFIER = com.GordonFeng.FindGoodCafeUITests;
				PRODUCT_NAME = "$(TARGET_NAME)";
				SWIFT_VERSION = 5.0;
				TARGETED_DEVICE_FAMILY = "1,2";
				TEST_TARGET_NAME = FindGoodCafe;
			};
			name = Debug;
		};
		544DB0102398F9BE0010595E /* Release */ = {
			isa = XCBuildConfiguration;
			buildSettings = {
				ALWAYS_EMBED_SWIFT_STANDARD_LIBRARIES = YES;
				CODE_SIGN_STYLE = Automatic;
				DEVELOPMENT_TEAM = 244PY8XQKP;
				INFOPLIST_FILE = FindGoodCafeUITests/Info.plist;
				LD_RUNPATH_SEARCH_PATHS = (
					"$(inherited)",
					"@executable_path/Frameworks",
					"@loader_path/Frameworks",
				);
				PRODUCT_BUNDLE_IDENTIFIER = com.GordonFeng.FindGoodCafeUITests;
				PRODUCT_NAME = "$(TARGET_NAME)";
				SWIFT_VERSION = 5.0;
				TARGETED_DEVICE_FAMILY = "1,2";
				TEST_TARGET_NAME = FindGoodCafe;
			};
			name = Release;
		};
/* End XCBuildConfiguration section */

/* Begin XCConfigurationList section */
		544DAFD92398F9BD0010595E /* Build configuration list for PBXProject "FindGoodCafe" */ = {
			isa = XCConfigurationList;
			buildConfigurations = (
				544DB0062398F9BE0010595E /* Debug */,
				544DB0072398F9BE0010595E /* Release */,
			);
			defaultConfigurationIsVisible = 0;
			defaultConfigurationName = Release;
		};
		544DB0082398F9BE0010595E /* Build configuration list for PBXNativeTarget "FindGoodCafe" */ = {
			isa = XCConfigurationList;
			buildConfigurations = (
				544DB0092398F9BE0010595E /* Debug */,
				544DB00A2398F9BE0010595E /* Release */,
			);
			defaultConfigurationIsVisible = 0;
			defaultConfigurationName = Release;
		};
		544DB00B2398F9BE0010595E /* Build configuration list for PBXNativeTarget "FindGoodCafeTests" */ = {
			isa = XCConfigurationList;
			buildConfigurations = (
				544DB00C2398F9BE0010595E /* Debug */,
				544DB00D2398F9BE0010595E /* Release */,
			);
			defaultConfigurationIsVisible = 0;
			defaultConfigurationName = Release;
		};
		544DB00E2398F9BE0010595E /* Build configuration list for PBXNativeTarget "FindGoodCafeUITests" */ = {
			isa = XCConfigurationList;
			buildConfigurations = (
				544DB00F2398F9BE0010595E /* Debug */,
				544DB0102398F9BE0010595E /* Release */,
			);
			defaultConfigurationIsVisible = 0;
			defaultConfigurationName = Release;
		};
/* End XCConfigurationList section */
	};
	rootObject = 544DAFD62398F9BD0010595E /* Project object */;
}
