// !$*UTF8*$!
{
	archiveVersion = 1;
	classes = {
	};
	objectVersion = 51;
	objects = {

/* Begin PBXBuildFile section */
		5403468623A9CF8100BD095D /* ListTableViewController.swift in Sources */ = {isa = PBXBuildFile; fileRef = 5403468523A9CF8100BD095D /* ListTableViewController.swift */; };
		5403468823A9D9A700BD095D /* DetailViewController.swift in Sources */ = {isa = PBXBuildFile; fileRef = 5403468723A9D9A700BD095D /* DetailViewController.swift */; };
		540B40B523B360B700C7261E /* SearchResultVC.swift in Sources */ = {isa = PBXBuildFile; fileRef = 540B40B423B360B700C7261E /* SearchResultVC.swift */; };
		5410E86123CC54A100376EB5 /* FootView.swift in Sources */ = {isa = PBXBuildFile; fileRef = 5410E86023CC54A100376EB5 /* FootView.swift */; };
		544156FF23AB2740003A73FB /* Map.storyboard in Resources */ = {isa = PBXBuildFile; fileRef = 544156FE23AB2740003A73FB /* Map.storyboard */; };
		5441570223AB2795003A73FB /* List.storyboard in Resources */ = {isa = PBXBuildFile; fileRef = 5441570123AB2795003A73FB /* List.storyboard */; };
		5441570423AB27B1003A73FB /* Setting.storyboard in Resources */ = {isa = PBXBuildFile; fileRef = 5441570323AB27B1003A73FB /* Setting.storyboard */; };
		544DAFE22398F9BD0010595E /* AppDelegate.swift in Sources */ = {isa = PBXBuildFile; fileRef = 544DAFE12398F9BD0010595E /* AppDelegate.swift */; };
		544DAFE42398F9BD0010595E /* SceneDelegate.swift in Sources */ = {isa = PBXBuildFile; fileRef = 544DAFE32398F9BD0010595E /* SceneDelegate.swift */; };
		544DAFE62398F9BD0010595E /* MapViewController.swift in Sources */ = {isa = PBXBuildFile; fileRef = 544DAFE52398F9BD0010595E /* MapViewController.swift */; };
		544DAFE92398F9BD0010595E /* Main.storyboard in Resources */ = {isa = PBXBuildFile; fileRef = 544DAFE72398F9BD0010595E /* Main.storyboard */; };
		544DAFEB2398F9BE0010595E /* Assets.xcassets in Resources */ = {isa = PBXBuildFile; fileRef = 544DAFEA2398F9BE0010595E /* Assets.xcassets */; };
		544DAFEE2398F9BE0010595E /* LaunchScreen.storyboard in Resources */ = {isa = PBXBuildFile; fileRef = 544DAFEC2398F9BE0010595E /* LaunchScreen.storyboard */; };
		544DAFF92398F9BE0010595E /* FindGoodCafeTests.swift in Sources */ = {isa = PBXBuildFile; fileRef = 544DAFF82398F9BE0010595E /* FindGoodCafeTests.swift */; };
		544DB0042398F9BE0010595E /* FindGoodCafeUITests.swift in Sources */ = {isa = PBXBuildFile; fileRef = 544DB0032398F9BE0010595E /* FindGoodCafeUITests.swift */; };
		544DB01423A2496D0010595E /* Common.swift in Sources */ = {isa = PBXBuildFile; fileRef = 544DB01323A2496D0010595E /* Common.swift */; };
		544DB01723A24A850010595E /* MapKit.framework in Frameworks */ = {isa = PBXBuildFile; fileRef = 544DB01623A24A850010595E /* MapKit.framework */; };
		544DB01923A25BEF0010595E /* Session.swift in Sources */ = {isa = PBXBuildFile; fileRef = 544DB01823A25BEF0010595E /* Session.swift */; };
		544DB05F23A788A60010595E /* Model.swift in Sources */ = {isa = PBXBuildFile; fileRef = 544DB05E23A788A60010595E /* Model.swift */; };
		544DB06123A78AEB0010595E /* SQLCommon.swift in Sources */ = {isa = PBXBuildFile; fileRef = 544DB06023A78AEB0010595E /* SQLCommon.swift */; };
		546BA1BE23E4192F00464C2D /* DetailViewModel.swift in Sources */ = {isa = PBXBuildFile; fileRef = 546BA1BD23E4192F00464C2D /* DetailViewModel.swift */; };
		546BA1C023E4193700464C2D /* DetailView.swift in Sources */ = {isa = PBXBuildFile; fileRef = 546BA1BF23E4193700464C2D /* DetailView.swift */; };
		546BA1C223E4194400464C2D /* ListViewModel.swift in Sources */ = {isa = PBXBuildFile; fileRef = 546BA1C123E4194300464C2D /* ListViewModel.swift */; };
		54FDE1D223C8374300BE22A7 /* MapViewController+Extention.swift in Sources */ = {isa = PBXBuildFile; fileRef = 54FDE1D123C8374300BE22A7 /* MapViewController+Extention.swift */; };
		54FDE1D423C8666600BE22A7 /* MapViewModel.swift in Sources */ = {isa = PBXBuildFile; fileRef = 54FDE1D323C8666600BE22A7 /* MapViewModel.swift */; };
		A29CF4B9145B18980FDE0AF8 /* Pods_FindGoodCafeTests.framework in Frameworks */ = {isa = PBXBuildFile; fileRef = 1D894E51F65BFECE94BD4D1D /* Pods_FindGoodCafeTests.framework */; };
		B7F86DC397AB83BCFB22BCD2 /* Pods_FindGoodCafe.framework in Frameworks */ = {isa = PBXBuildFile; fileRef = 20B6E052E0C23FC814A00ED0 /* Pods_FindGoodCafe.framework */; };
		D7B5B8F7ADA7901AB7BF77A9 /* Pods_FindGoodCafe_FindGoodCafeUITests.framework in Frameworks */ = {isa = PBXBuildFile; fileRef = 925CFCAC71CDB246BCB61D54 /* Pods_FindGoodCafe_FindGoodCafeUITests.framework */; };
/* End PBXBuildFile section */

/* Begin PBXContainerItemProxy section */
		544DAFF52398F9BE0010595E /* PBXContainerItemProxy */ = {
			isa = PBXContainerItemProxy;
			containerPortal = 544DAFD62398F9BD0010595E /* Project object */;
			proxyType = 1;
			remoteGlobalIDString = 544DAFDD2398F9BD0010595E;
			remoteInfo = FindGoodCafe;
		};
		544DB0002398F9BE0010595E /* PBXContainerItemProxy */ = {
			isa = PBXContainerItemProxy;
			containerPortal = 544DAFD62398F9BD0010595E /* Project object */;
			proxyType = 1;
			remoteGlobalIDString = 544DAFDD2398F9BD0010595E;
			remoteInfo = FindGoodCafe;
		};
/* End PBXContainerItemProxy section */

/* Begin PBXFileReference section */
		14B36EDB888D83AE1280D10D /* Pods-FindGoodCafeTests.release.xcconfig */ = {isa = PBXFileReference; includeInIndex = 1; lastKnownFileType = text.xcconfig; name = "Pods-FindGoodCafeTests.release.xcconfig"; path = "Target Support Files/Pods-FindGoodCafeTests/Pods-FindGoodCafeTests.release.xcconfig"; sourceTree = "<group>"; };
		1D894E51F65BFECE94BD4D1D /* Pods_FindGoodCafeTests.framework */ = {isa = PBXFileReference; explicitFileType = wrapper.framework; includeInIndex = 0; path = Pods_FindGoodCafeTests.framework; sourceTree = BUILT_PRODUCTS_DIR; };
		1F767ED17A9D5DFC420910B3 /* Pods-FindGoodCafeTests.debug.xcconfig */ = {isa = PBXFileReference; includeInIndex = 1; lastKnownFileType = text.xcconfig; name = "Pods-FindGoodCafeTests.debug.xcconfig"; path = "Target Support Files/Pods-FindGoodCafeTests/Pods-FindGoodCafeTests.debug.xcconfig"; sourceTree = "<group>"; };
		20B6E052E0C23FC814A00ED0 /* Pods_FindGoodCafe.framework */ = {isa = PBXFileReference; explicitFileType = wrapper.framework; includeInIndex = 0; path = Pods_FindGoodCafe.framework; sourceTree = BUILT_PRODUCTS_DIR; };
		25099032B78172739CCC6C50 /* Pods-FindGoodCafe-FindGoodCafeUITests.release.xcconfig */ = {isa = PBXFileReference; includeInIndex = 1; lastKnownFileType = text.xcconfig; name = "Pods-FindGoodCafe-FindGoodCafeUITests.release.xcconfig"; path = "Target Support Files/Pods-FindGoodCafe-FindGoodCafeUITests/Pods-FindGoodCafe-FindGoodCafeUITests.release.xcconfig"; sourceTree = "<group>"; };
		5403468523A9CF8100BD095D /* ListTableViewController.swift */ = {isa = PBXFileReference; lastKnownFileType = sourcecode.swift; path = ListTableViewController.swift; sourceTree = "<group>"; };
		5403468723A9D9A700BD095D /* DetailViewController.swift */ = {isa = PBXFileReference; lastKnownFileType = sourcecode.swift; path = DetailViewController.swift; sourceTree = "<group>"; };
		540B40B423B360B700C7261E /* SearchResultVC.swift */ = {isa = PBXFileReference; lastKnownFileType = sourcecode.swift; path = SearchResultVC.swift; sourceTree = "<group>"; };
		5410E86023CC54A100376EB5 /* FootView.swift */ = {isa = PBXFileReference; lastKnownFileType = sourcecode.swift; path = FootView.swift; sourceTree = "<group>"; };
		544156FE23AB2740003A73FB /* Map.storyboard */ = {isa = PBXFileReference; fileEncoding = 4; lastKnownFileType = file.storyboard; path = Map.storyboard; sourceTree = "<group>"; };
		5441570123AB2795003A73FB /* List.storyboard */ = {isa = PBXFileReference; fileEncoding = 4; lastKnownFileType = file.storyboard; path = List.storyboard; sourceTree = "<group>"; };
		5441570323AB27B1003A73FB /* Setting.storyboard */ = {isa = PBXFileReference; fileEncoding = 4; lastKnownFileType = file.storyboard; path = Setting.storyboard; sourceTree = "<group>"; };
		544DAFDE2398F9BD0010595E /* FindGoodCafe.app */ = {isa = PBXFileReference; explicitFileType = wrapper.application; includeInIndex = 0; path = FindGoodCafe.app; sourceTree = BUILT_PRODUCTS_DIR; };
		544DAFE12398F9BD0010595E /* AppDelegate.swift */ = {isa = PBXFileReference; lastKnownFileType = sourcecode.swift; path = AppDelegate.swift; sourceTree = "<group>"; };
		544DAFE32398F9BD0010595E /* SceneDelegate.swift */ = {isa = PBXFileReference; lastKnownFileType = sourcecode.swift; path = SceneDelegate.swift; sourceTree = "<group>"; };
		544DAFE52398F9BD0010595E /* MapViewController.swift */ = {isa = PBXFileReference; lastKnownFileType = sourcecode.swift; path = MapViewController.swift; sourceTree = "<group>"; };
		544DAFE82398F9BD0010595E /* Base */ = {isa = PBXFileReference; lastKnownFileType = file.storyboard; name = Base; path = Base.lproj/Main.storyboard; sourceTree = "<group>"; };
		544DAFEA2398F9BE0010595E /* Assets.xcassets */ = {isa = PBXFileReference; lastKnownFileType = folder.assetcatalog; path = Assets.xcassets; sourceTree = "<group>"; };
		544DAFED2398F9BE0010595E /* Base */ = {isa = PBXFileReference; lastKnownFileType = file.storyboard; name = Base; path = Base.lproj/LaunchScreen.storyboard; sourceTree = "<group>"; };
		544DAFEF2398F9BE0010595E /* Info.plist */ = {isa = PBXFileReference; lastKnownFileType = text.plist.xml; path = Info.plist; sourceTree = "<group>"; };
		544DAFF42398F9BE0010595E /* FindGoodCafeTests.xctest */ = {isa = PBXFileReference; explicitFileType = wrapper.cfbundle; includeInIndex = 0; path = FindGoodCafeTests.xctest; sourceTree = BUILT_PRODUCTS_DIR; };
		544DAFF82398F9BE0010595E /* FindGoodCafeTests.swift */ = {isa = PBXFileReference; lastKnownFileType = sourcecode.swift; path = FindGoodCafeTests.swift; sourceTree = "<group>"; };
		544DAFFA2398F9BE0010595E /* Info.plist */ = {isa = PBXFileReference; lastKnownFileType = text.plist.xml; path = Info.plist; sourceTree = "<group>"; };
		544DAFFF2398F9BE0010595E /* FindGoodCafeUITests.xctest */ = {isa = PBXFileReference; explicitFileType = wrapper.cfbundle; includeInIndex = 0; path = FindGoodCafeUITests.xctest; sourceTree = BUILT_PRODUCTS_DIR; };
		544DB0032398F9BE0010595E /* FindGoodCafeUITests.swift */ = {isa = PBXFileReference; lastKnownFileType = sourcecode.swift; path = FindGoodCafeUITests.swift; sourceTree = "<group>"; };
		544DB0052398F9BE0010595E /* Info.plist */ = {isa = PBXFileReference; lastKnownFileType = text.plist.xml; path = Info.plist; sourceTree = "<group>"; };
		544DB01323A2496D0010595E /* Common.swift */ = {isa = PBXFileReference; lastKnownFileType = sourcecode.swift; path = Common.swift; sourceTree = "<group>"; };
		544DB01623A24A850010595E /* MapKit.framework */ = {isa = PBXFileReference; lastKnownFileType = wrapper.framework; name = MapKit.framework; path = System/Library/Frameworks/MapKit.framework; sourceTree = SDKROOT; };
		544DB01823A25BEF0010595E /* Session.swift */ = {isa = PBXFileReference; lastKnownFileType = sourcecode.swift; path = Session.swift; sourceTree = "<group>"; };
		544DB05E23A788A60010595E /* Model.swift */ = {isa = PBXFileReference; lastKnownFileType = sourcecode.swift; path = Model.swift; sourceTree = "<group>"; };
		544DB06023A78AEB0010595E /* SQLCommon.swift */ = {isa = PBXFileReference; lastKnownFileType = sourcecode.swift; path = SQLCommon.swift; sourceTree = "<group>"; };
		546BA1BD23E4192F00464C2D /* DetailViewModel.swift */ = {isa = PBXFileReference; fileEncoding = 4; lastKnownFileType = sourcecode.swift; path = DetailViewModel.swift; sourceTree = "<group>"; };
		546BA1BF23E4193700464C2D /* DetailView.swift */ = {isa = PBXFileReference; fileEncoding = 4; lastKnownFileType = sourcecode.swift; path = DetailView.swift; sourceTree = "<group>"; };
		546BA1C123E4194300464C2D /* ListViewModel.swift */ = {isa = PBXFileReference; fileEncoding = 4; lastKnownFileType = sourcecode.swift; path = ListViewModel.swift; sourceTree = "<group>"; };
		54FDE1D123C8374300BE22A7 /* MapViewController+Extention.swift */ = {isa = PBXFileReference; lastKnownFileType = sourcecode.swift; path = "MapViewController+Extention.swift"; sourceTree = "<group>"; };
		54FDE1D323C8666600BE22A7 /* MapViewModel.swift */ = {isa = PBXFileReference; lastKnownFileType = sourcecode.swift; path = MapViewModel.swift; sourceTree = "<group>"; };
		5717AB233DED98B980A211F9 /* Pods-FindGoodCafe.debug.xcconfig */ = {isa = PBXFileReference; includeInIndex = 1; lastKnownFileType = text.xcconfig; name = "Pods-FindGoodCafe.debug.xcconfig"; path = "Target Support Files/Pods-FindGoodCafe/Pods-FindGoodCafe.debug.xcconfig"; sourceTree = "<group>"; };
		71BE1B70CE65DC5B5309BB85 /* Pods-FindGoodCafe.release.xcconfig */ = {isa = PBXFileReference; includeInIndex = 1; lastKnownFileType = text.xcconfig; name = "Pods-FindGoodCafe.release.xcconfig"; path = "Target Support Files/Pods-FindGoodCafe/Pods-FindGoodCafe.release.xcconfig"; sourceTree = "<group>"; };
		925CFCAC71CDB246BCB61D54 /* Pods_FindGoodCafe_FindGoodCafeUITests.framework */ = {isa = PBXFileReference; explicitFileType = wrapper.framework; includeInIndex = 0; path = Pods_FindGoodCafe_FindGoodCafeUITests.framework; sourceTree = BUILT_PRODUCTS_DIR; };
		D247980237DE63F5064A9E80 /* Pods-FindGoodCafe-FindGoodCafeUITests.debug.xcconfig */ = {isa = PBXFileReference; includeInIndex = 1; lastKnownFileType = text.xcconfig; name = "Pods-FindGoodCafe-FindGoodCafeUITests.debug.xcconfig"; path = "Target Support Files/Pods-FindGoodCafe-FindGoodCafeUITests/Pods-FindGoodCafe-FindGoodCafeUITests.debug.xcconfig"; sourceTree = "<group>"; };
/* End PBXFileReference section */

/* Begin PBXFrameworksBuildPhase section */
		544DAFDB2398F9BD0010595E /* Frameworks */ = {
			isa = PBXFrameworksBuildPhase;
			buildActionMask = 2147483647;
			files = (
				544DB01723A24A850010595E /* MapKit.framework in Frameworks */,
				B7F86DC397AB83BCFB22BCD2 /* Pods_FindGoodCafe.framework in Frameworks */,
			);
			runOnlyForDeploymentPostprocessing = 0;
		};
		544DAFF12398F9BE0010595E /* Frameworks */ = {
			isa = PBXFrameworksBuildPhase;
			buildActionMask = 2147483647;
			files = (
				A29CF4B9145B18980FDE0AF8 /* Pods_FindGoodCafeTests.framework in Frameworks */,
			);
			runOnlyForDeploymentPostprocessing = 0;
		};
		544DAFFC2398F9BE0010595E /* Frameworks */ = {
			isa = PBXFrameworksBuildPhase;
			buildActionMask = 2147483647;
			files = (
				D7B5B8F7ADA7901AB7BF77A9 /* Pods_FindGoodCafe_FindGoodCafeUITests.framework in Frameworks */,
			);
			runOnlyForDeploymentPostprocessing = 0;
		};
/* End PBXFrameworksBuildPhase section */

/* Begin PBXGroup section */
		5441570523AB5707003A73FB /* Manager */ = {
			isa = PBXGroup;
			children = (
				544DB06023A78AEB0010595E /* SQLCommon.swift */,
				544DB01323A2496D0010595E /* Common.swift */,
				544DB01823A25BEF0010595E /* Session.swift */,
			);
			path = Manager;
			sourceTree = "<group>";
		};
		5441570623AB5726003A73FB /* Model */ = {
			isa = PBXGroup;
			children = (
				544DB05E23A788A60010595E /* Model.swift */,
			);
			path = Model;
			sourceTree = "<group>";
		};
		5441570723AB573D003A73FB /* Controller */ = {
			isa = PBXGroup;
			children = (
				5403468523A9CF8100BD095D /* ListTableViewController.swift */,
				5403468723A9D9A700BD095D /* DetailViewController.swift */,
				544DAFE52398F9BD0010595E /* MapViewController.swift */,
				540B40B423B360B700C7261E /* SearchResultVC.swift */,
			);
			path = Controller;
			sourceTree = "<group>";
		};
		544DAFD52398F9BD0010595E = {
			isa = PBXGroup;
			children = (
				544DAFE02398F9BD0010595E /* FindGoodCafe */,
				544DAFF72398F9BE0010595E /* FindGoodCafeTests */,
				544DB0022398F9BE0010595E /* FindGoodCafeUITests */,
				544DAFDF2398F9BD0010595E /* Products */,
				544DB01523A24A850010595E /* Frameworks */,
				8BF4B87A06BBC62F601630BC /* Pods */,
			);
			sourceTree = "<group>";
		};
		544DAFDF2398F9BD0010595E /* Products */ = {
			isa = PBXGroup;
			children = (
				544DAFDE2398F9BD0010595E /* FindGoodCafe.app */,
				544DAFF42398F9BE0010595E /* FindGoodCafeTests.xctest */,
				544DAFFF2398F9BE0010595E /* FindGoodCafeUITests.xctest */,
			);
			name = Products;
			sourceTree = "<group>";
		};
		544DAFE02398F9BD0010595E /* FindGoodCafe */ = {
			isa = PBXGroup;
			children = (
				54FDE1D123C8374300BE22A7 /* MapViewController+Extention.swift */,
				546C7F2A23CDDFC50023CC4C /* View */,
				54FDE1D523C8666D00BE22A7 /* ViewModel */,
				5441570723AB573D003A73FB /* Controller */,
				5441570623AB5726003A73FB /* Model */,
				5441570523AB5707003A73FB /* Manager */,
				5485806A23AB22A800A4D2C2 /* StoryBoard */,
				544DAFE12398F9BD0010595E /* AppDelegate.swift */,
				544DAFE32398F9BD0010595E /* SceneDelegate.swift */,
				544DAFEA2398F9BE0010595E /* Assets.xcassets */,
				544DAFEC2398F9BE0010595E /* LaunchScreen.storyboard */,
				544DAFEF2398F9BE0010595E /* Info.plist */,
			);
			path = FindGoodCafe;
			sourceTree = "<group>";
		};
		544DAFF72398F9BE0010595E /* FindGoodCafeTests */ = {
			isa = PBXGroup;
			children = (
				544DAFF82398F9BE0010595E /* FindGoodCafeTests.swift */,
				544DAFFA2398F9BE0010595E /* Info.plist */,
			);
			path = FindGoodCafeTests;
			sourceTree = "<group>";
		};
		544DB0022398F9BE0010595E /* FindGoodCafeUITests */ = {
			isa = PBXGroup;
			children = (
				544DB0032398F9BE0010595E /* FindGoodCafeUITests.swift */,
				544DB0052398F9BE0010595E /* Info.plist */,
			);
			path = FindGoodCafeUITests;
			sourceTree = "<group>";
		};
		544DB01523A24A850010595E /* Frameworks */ = {
			isa = PBXGroup;
			children = (
				544DB01623A24A850010595E /* MapKit.framework */,
				20B6E052E0C23FC814A00ED0 /* Pods_FindGoodCafe.framework */,
				925CFCAC71CDB246BCB61D54 /* Pods_FindGoodCafe_FindGoodCafeUITests.framework */,
				1D894E51F65BFECE94BD4D1D /* Pods_FindGoodCafeTests.framework */,
			);
			name = Frameworks;
			sourceTree = "<group>";
		};
		546C7F2A23CDDFC50023CC4C /* View */ = {
			isa = PBXGroup;
			children = (
				5410E86023CC54A100376EB5 /* FootView.swift */,
				546BA1BF23E4193700464C2D /* DetailView.swift */,
			);
			path = View;
			sourceTree = "<group>";
		};
		5485806A23AB22A800A4D2C2 /* StoryBoard */ = {
			isa = PBXGroup;
			children = (
				544156FE23AB2740003A73FB /* Map.storyboard */,
				5441570323AB27B1003A73FB /* Setting.storyboard */,
				5441570123AB2795003A73FB /* List.storyboard */,
				544DAFE72398F9BD0010595E /* Main.storyboard */,
			);
			path = StoryBoard;
			sourceTree = "<group>";
		};
		54FDE1D523C8666D00BE22A7 /* ViewModel */ = {
			isa = PBXGroup;
			children = (
				54FDE1D323C8666600BE22A7 /* MapViewModel.swift */,
				546BA1BD23E4192F00464C2D /* DetailViewModel.swift */,
				546BA1C123E4194300464C2D /* ListViewModel.swift */,
			);
			path = ViewModel;
			sourceTree = "<group>";
		};
		8BF4B87A06BBC62F601630BC /* Pods */ = {
			isa = PBXGroup;
			children = (
				5717AB233DED98B980A211F9 /* Pods-FindGoodCafe.debug.xcconfig */,
				71BE1B70CE65DC5B5309BB85 /* Pods-FindGoodCafe.release.xcconfig */,
				D247980237DE63F5064A9E80 /* Pods-FindGoodCafe-FindGoodCafeUITests.debug.xcconfig */,
				25099032B78172739CCC6C50 /* Pods-FindGoodCafe-FindGoodCafeUITests.release.xcconfig */,
				1F767ED17A9D5DFC420910B3 /* Pods-FindGoodCafeTests.debug.xcconfig */,
				14B36EDB888D83AE1280D10D /* Pods-FindGoodCafeTests.release.xcconfig */,
			);
			path = Pods;
			sourceTree = "<group>";
		};
/* End PBXGroup section */

/* Begin PBXNativeTarget section */
		544DAFDD2398F9BD0010595E /* FindGoodCafe */ = {
			isa = PBXNativeTarget;
			buildConfigurationList = 544DB0082398F9BE0010595E /* Build configuration list for PBXNativeTarget "FindGoodCafe" */;
			buildPhases = (
				6358E8A14CAC77DD40B744EB /* [CP] Check Pods Manifest.lock */,
				544DAFDA2398F9BD0010595E /* Sources */,
				544DAFDB2398F9BD0010595E /* Frameworks */,
				544DAFDC2398F9BD0010595E /* Resources */,
				17D2AE5C781757C5BBBFFE3D /* [CP] Embed Pods Frameworks */,
			);
			buildRules = (
			);
			dependencies = (
			);
			name = FindGoodCafe;
			productName = FindGoodCafe;
			productReference = 544DAFDE2398F9BD0010595E /* FindGoodCafe.app */;
			productType = "com.apple.product-type.application";
		};
		544DAFF32398F9BE0010595E /* FindGoodCafeTests */ = {
			isa = PBXNativeTarget;
			buildConfigurationList = 544DB00B2398F9BE0010595E /* Build configuration list for PBXNativeTarget "FindGoodCafeTests" */;
			buildPhases = (
				771D9D4804C864B19269A94D /* [CP] Check Pods Manifest.lock */,
				544DAFF02398F9BE0010595E /* Sources */,
				544DAFF12398F9BE0010595E /* Frameworks */,
				544DAFF22398F9BE0010595E /* Resources */,
			);
			buildRules = (
			);
			dependencies = (
				544DAFF62398F9BE0010595E /* PBXTargetDependency */,
			);
			name = FindGoodCafeTests;
			productName = FindGoodCafeTests;
			productReference = 544DAFF42398F9BE0010595E /* FindGoodCafeTests.xctest */;
			productType = "com.apple.product-type.bundle.unit-test";
		};
		544DAFFE2398F9BE0010595E /* FindGoodCafeUITests */ = {
			isa = PBXNativeTarget;
			buildConfigurationList = 544DB00E2398F9BE0010595E /* Build configuration list for PBXNativeTarget "FindGoodCafeUITests" */;
			buildPhases = (
				B1CECF92C3C25F033597BD3A /* [CP] Check Pods Manifest.lock */,
				544DAFFB2398F9BE0010595E /* Sources */,
				544DAFFC2398F9BE0010595E /* Frameworks */,
				544DAFFD2398F9BE0010595E /* Resources */,
				34076A04BCFBB737D5B7D89A /* [CP] Embed Pods Frameworks */,
			);
			buildRules = (
			);
			dependencies = (
				544DB0012398F9BE0010595E /* PBXTargetDependency */,
			);
			name = FindGoodCafeUITests;
			productName = FindGoodCafeUITests;
			productReference = 544DAFFF2398F9BE0010595E /* FindGoodCafeUITests.xctest */;
			productType = "com.apple.product-type.bundle.ui-testing";
		};
/* End PBXNativeTarget section */

/* Begin PBXProject section */
		544DAFD62398F9BD0010595E /* Project object */ = {
			isa = PBXProject;
			attributes = {
				LastSwiftUpdateCheck = 1100;
				LastUpgradeCheck = 1100;
				ORGANIZATIONNAME = "Kuan-Chieh Feng";
				TargetAttributes = {
					544DAFDD2398F9BD0010595E = {
						CreatedOnToolsVersion = 11.0;
					};
					544DAFF32398F9BE0010595E = {
						CreatedOnToolsVersion = 11.0;
						TestTargetID = 544DAFDD2398F9BD0010595E;
					};
					544DAFFE2398F9BE0010595E = {
						CreatedOnToolsVersion = 11.0;
						TestTargetID = 544DAFDD2398F9BD0010595E;
					};
				};
			};
			buildConfigurationList = 544DAFD92398F9BD0010595E /* Build configuration list for PBXProject "FindGoodCafe" */;
			compatibilityVersion = "Xcode 9.3";
			developmentRegion = en;
			hasScannedForEncodings = 0;
			knownRegions = (
				en,
				Base,
			);
			mainGroup = 544DAFD52398F9BD0010595E;
			productRefGroup = 544DAFDF2398F9BD0010595E /* Products */;
			projectDirPath = "";
			projectRoot = "";
			targets = (
				544DAFDD2398F9BD0010595E /* FindGoodCafe */,
				544DAFF32398F9BE0010595E /* FindGoodCafeTests */,
				544DAFFE2398F9BE0010595E /* FindGoodCafeUITests */,
			);
		};
/* End PBXProject section */

/* Begin PBXResourcesBuildPhase section */
		544DAFDC2398F9BD0010595E /* Resources */ = {
			isa = PBXResourcesBuildPhase;
			buildActionMask = 2147483647;
			files = (
				544DAFEE2398F9BE0010595E /* LaunchScreen.storyboard in Resources */,
				544DAFEB2398F9BE0010595E /* Assets.xcassets in Resources */,
				5441570223AB2795003A73FB /* List.storyboard in Resources */,
				544DAFE92398F9BD0010595E /* Main.storyboard in Resources */,
				544156FF23AB2740003A73FB /* Map.storyboard in Resources */,
				5441570423AB27B1003A73FB /* Setting.storyboard in Resources */,
			);
			runOnlyForDeploymentPostprocessing = 0;
		};
		544DAFF22398F9BE0010595E /* Resources */ = {
			isa = PBXResourcesBuildPhase;
			buildActionMask = 2147483647;
			files = (
			);
			runOnlyForDeploymentPostprocessing = 0;
		};
		544DAFFD2398F9BE0010595E /* Resources */ = {
			isa = PBXResourcesBuildPhase;
			buildActionMask = 2147483647;
			files = (
			);
			runOnlyForDeploymentPostprocessing = 0;
		};
/* End PBXResourcesBuildPhase section */

/* Begin PBXShellScriptBuildPhase section */
		17D2AE5C781757C5BBBFFE3D /* [CP] Embed Pods Frameworks */ = {
			isa = PBXShellScriptBuildPhase;
			buildActionMask = 2147483647;
			files = (
			);
			inputFileListPaths = (
				"${PODS_ROOT}/Target Support Files/Pods-FindGoodCafe/Pods-FindGoodCafe-frameworks-${CONFIGURATION}-input-files.xcfilelist",
			);
			name = "[CP] Embed Pods Frameworks";
			outputFileListPaths = (
				"${PODS_ROOT}/Target Support Files/Pods-FindGoodCafe/Pods-FindGoodCafe-frameworks-${CONFIGURATION}-output-files.xcfilelist",
			);
			runOnlyForDeploymentPostprocessing = 0;
			shellPath = /bin/sh;
			shellScript = "\"${PODS_ROOT}/Target Support Files/Pods-FindGoodCafe/Pods-FindGoodCafe-frameworks.sh\"\n";
			showEnvVarsInLog = 0;
		};
		34076A04BCFBB737D5B7D89A /* [CP] Embed Pods Frameworks */ = {
			isa = PBXShellScriptBuildPhase;
			buildActionMask = 2147483647;
			files = (
			);
			inputFileListPaths = (
				"${PODS_ROOT}/Target Support Files/Pods-FindGoodCafe-FindGoodCafeUITests/Pods-FindGoodCafe-FindGoodCafeUITests-frameworks-${CONFIGURATION}-input-files.xcfilelist",
			);
			name = "[CP] Embed Pods Frameworks";
			outputFileListPaths = (
				"${PODS_ROOT}/Target Support Files/Pods-FindGoodCafe-FindGoodCafeUITests/Pods-FindGoodCafe-FindGoodCafeUITests-frameworks-${CONFIGURATION}-output-files.xcfilelist",
			);
			runOnlyForDeploymentPostprocessing = 0;
			shellPath = /bin/sh;
			shellScript = "\"${PODS_ROOT}/Target Support Files/Pods-FindGoodCafe-FindGoodCafeUITests/Pods-FindGoodCafe-FindGoodCafeUITests-frameworks.sh\"\n";
			showEnvVarsInLog = 0;
		};
		6358E8A14CAC77DD40B744EB /* [CP] Check Pods Manifest.lock */ = {
			isa = PBXShellScriptBuildPhase;
			buildActionMask = 2147483647;
			files = (
			);
			inputFileListPaths = (
			);
			inputPaths = (
				"${PODS_PODFILE_DIR_PATH}/Podfile.lock",
				"${PODS_ROOT}/Manifest.lock",
			);
			name = "[CP] Check Pods Manifest.lock";
			outputFileListPaths = (
			);
			outputPaths = (
				"$(DERIVED_FILE_DIR)/Pods-FindGoodCafe-checkManifestLockResult.txt",
			);
			runOnlyForDeploymentPostprocessing = 0;
			shellPath = /bin/sh;
			shellScript = "diff \"${PODS_PODFILE_DIR_PATH}/Podfile.lock\" \"${PODS_ROOT}/Manifest.lock\" > /dev/null\nif [ $? != 0 ] ; then\n    # print error to STDERR\n    echo \"error: The sandbox is not in sync with the Podfile.lock. Run 'pod install' or update your CocoaPods installation.\" >&2\n    exit 1\nfi\n# This output is used by Xcode 'outputs' to avoid re-running this script phase.\necho \"SUCCESS\" > \"${SCRIPT_OUTPUT_FILE_0}\"\n";
			showEnvVarsInLog = 0;
		};
		771D9D4804C864B19269A94D /* [CP] Check Pods Manifest.lock */ = {
			isa = PBXShellScriptBuildPhase;
			buildActionMask = 2147483647;
			files = (
			);
			inputFileListPaths = (
			);
			inputPaths = (
				"${PODS_PODFILE_DIR_PATH}/Podfile.lock",
				"${PODS_ROOT}/Manifest.lock",
			);
			name = "[CP] Check Pods Manifest.lock";
			outputFileListPaths = (
			);
			outputPaths = (
				"$(DERIVED_FILE_DIR)/Pods-FindGoodCafeTests-checkManifestLockResult.txt",
			);
			runOnlyForDeploymentPostprocessing = 0;
			shellPath = /bin/sh;
			shellScript = "diff \"${PODS_PODFILE_DIR_PATH}/Podfile.lock\" \"${PODS_ROOT}/Manifest.lock\" > /dev/null\nif [ $? != 0 ] ; then\n    # print error to STDERR\n    echo \"error: The sandbox is not in sync with the Podfile.lock. Run 'pod install' or update your CocoaPods installation.\" >&2\n    exit 1\nfi\n# This output is used by Xcode 'outputs' to avoid re-running this script phase.\necho \"SUCCESS\" > \"${SCRIPT_OUTPUT_FILE_0}\"\n";
			showEnvVarsInLog = 0;
		};
		B1CECF92C3C25F033597BD3A /* [CP] Check Pods Manifest.lock */ = {
			isa = PBXShellScriptBuildPhase;
			buildActionMask = 2147483647;
			files = (
			);
			inputFileListPaths = (
			);
			inputPaths = (
				"${PODS_PODFILE_DIR_PATH}/Podfile.lock",
				"${PODS_ROOT}/Manifest.lock",
			);
			name = "[CP] Check Pods Manifest.lock";
			outputFileListPaths = (
			);
			outputPaths = (
				"$(DERIVED_FILE_DIR)/Pods-FindGoodCafe-FindGoodCafeUITests-checkManifestLockResult.txt",
			);
			runOnlyForDeploymentPostprocessing = 0;
			shellPath = /bin/sh;
			shellScript = "diff \"${PODS_PODFILE_DIR_PATH}/Podfile.lock\" \"${PODS_ROOT}/Manifest.lock\" > /dev/null\nif [ $? != 0 ] ; then\n    # print error to STDERR\n    echo \"error: The sandbox is not in sync with the Podfile.lock. Run 'pod install' or update your CocoaPods installation.\" >&2\n    exit 1\nfi\n# This output is used by Xcode 'outputs' to avoid re-running this script phase.\necho \"SUCCESS\" > \"${SCRIPT_OUTPUT_FILE_0}\"\n";
			showEnvVarsInLog = 0;
		};
/* End PBXShellScriptBuildPhase section */

/* Begin PBXSourcesBuildPhase section */
		544DAFDA2398F9BD0010595E /* Sources */ = {
			isa = PBXSourcesBuildPhase;
			buildActionMask = 2147483647;
			files = (
				544DAFE62398F9BD0010595E /* MapViewController.swift in Sources */,
				544DAFE22398F9BD0010595E /* AppDelegate.swift in Sources */,
				54FDE1D223C8374300BE22A7 /* MapViewController+Extention.swift in Sources */,
				544DB05F23A788A60010595E /* Model.swift in Sources */,
				544DB06123A78AEB0010595E /* SQLCommon.swift in Sources */,
				544DB01923A25BEF0010595E /* Session.swift in Sources */,
				546BA1C223E4194400464C2D /* ListViewModel.swift in Sources */,
				544DAFE42398F9BD0010595E /* SceneDelegate.swift in Sources */,
				5410E86123CC54A100376EB5 /* FootView.swift in Sources */,
				5403468623A9CF8100BD095D /* ListTableViewController.swift in Sources */,
				546BA1BE23E4192F00464C2D /* DetailViewModel.swift in Sources */,
				5403468823A9D9A700BD095D /* DetailViewController.swift in Sources */,
				544DB01423A2496D0010595E /* Common.swift in Sources */,
				540B40B523B360B700C7261E /* SearchResultVC.swift in Sources */,
				546BA1C023E4193700464C2D /* DetailView.swift in Sources */,
				54FDE1D423C8666600BE22A7 /* MapViewModel.swift in Sources */,
			);
			runOnlyForDeploymentPostprocessing = 0;
		};
		544DAFF02398F9BE0010595E /* Sources */ = {
			isa = PBXSourcesBuildPhase;
			buildActionMask = 2147483647;
			files = (
				544DAFF92398F9BE0010595E /* FindGoodCafeTests.swift in Sources */,
			);
			runOnlyForDeploymentPostprocessing = 0;
		};
		544DAFFB2398F9BE0010595E /* Sources */ = {
			isa = PBXSourcesBuildPhase;
			buildActionMask = 2147483647;
			files = (
				544DB0042398F9BE0010595E /* FindGoodCafeUITests.swift in Sources */,
			);
			runOnlyForDeploymentPostprocessing = 0;
		};
/* End PBXSourcesBuildPhase section */

/* Begin PBXTargetDependency section */
		544DAFF62398F9BE0010595E /* PBXTargetDependency */ = {
			isa = PBXTargetDependency;
			target = 544DAFDD2398F9BD0010595E /* FindGoodCafe */;
			targetProxy = 544DAFF52398F9BE0010595E /* PBXContainerItemProxy */;
		};
		544DB0012398F9BE0010595E /* PBXTargetDependency */ = {
			isa = PBXTargetDependency;
			target = 544DAFDD2398F9BD0010595E /* FindGoodCafe */;
			targetProxy = 544DB0002398F9BE0010595E /* PBXContainerItemProxy */;
		};
/* End PBXTargetDependency section */

/* Begin PBXVariantGroup section */
		544DAFE72398F9BD0010595E /* Main.storyboard */ = {
			isa = PBXVariantGroup;
			children = (
				544DAFE82398F9BD0010595E /* Base */,
			);
			name = Main.storyboard;
			sourceTree = "<group>";
		};
		544DAFEC2398F9BE0010595E /* LaunchScreen.storyboard */ = {
			isa = PBXVariantGroup;
			children = (
				544DAFED2398F9BE0010595E /* Base */,
			);
			name = LaunchScreen.storyboard;
			sourceTree = "<group>";
		};
/* End PBXVariantGroup section */

/* Begin XCBuildConfiguration section */
		544DB0062398F9BE0010595E /* Debug */ = {
			isa = XCBuildConfiguration;
			buildSettings = {
				ALWAYS_SEARCH_USER_PATHS = NO;
				CLANG_ANALYZER_NONNULL = YES;
				CLANG_ANALYZER_NUMBER_OBJECT_CONVERSION = YES_AGGRESSIVE;
				CLANG_CXX_LANGUAGE_STANDARD = "gnu++14";
				CLANG_CXX_LIBRARY = "libc++";
				CLANG_ENABLE_MODULES = YES;
				CLANG_ENABLE_OBJC_ARC = YES;
				CLANG_ENABLE_OBJC_WEAK = YES;
				CLANG_WARN_BLOCK_CAPTURE_AUTORELEASING = YES;
				CLANG_WARN_BOOL_CONVERSION = YES;
				CLANG_WARN_COMMA = YES;
				CLANG_WARN_CONSTANT_CONVERSION = YES;
				CLANG_WARN_DEPRECATED_OBJC_IMPLEMENTATIONS = YES;
				CLANG_WARN_DIRECT_OBJC_ISA_USAGE = YES_ERROR;
				CLANG_WARN_DOCUMENTATION_COMMENTS = YES;
				CLANG_WARN_EMPTY_BODY = YES;
				CLANG_WARN_ENUM_CONVERSION = YES;
				CLANG_WARN_INFINITE_RECURSION = YES;
				CLANG_WARN_INT_CONVERSION = YES;
				CLANG_WARN_NON_LITERAL_NULL_CONVERSION = YES;
				CLANG_WARN_OBJC_IMPLICIT_RETAIN_SELF = YES;
				CLANG_WARN_OBJC_LITERAL_CONVERSION = YES;
				CLANG_WARN_OBJC_ROOT_CLASS = YES_ERROR;
				CLANG_WARN_RANGE_LOOP_ANALYSIS = YES;
				CLANG_WARN_STRICT_PROTOTYPES = YES;
				CLANG_WARN_SUSPICIOUS_MOVE = YES;
				CLANG_WARN_UNGUARDED_AVAILABILITY = YES_AGGRESSIVE;
				CLANG_WARN_UNREACHABLE_CODE = YES;
				CLANG_WARN__DUPLICATE_METHOD_MATCH = YES;
				COPY_PHASE_STRIP = NO;
				DEBUG_INFORMATION_FORMAT = dwarf;
				ENABLE_STRICT_OBJC_MSGSEND = YES;
				ENABLE_TESTABILITY = YES;
				GCC_C_LANGUAGE_STANDARD = gnu11;
				GCC_DYNAMIC_NO_PIC = NO;
				GCC_NO_COMMON_BLOCKS = YES;
				GCC_OPTIMIZATION_LEVEL = 0;
				GCC_PREPROCESSOR_DEFINITIONS = (
					"DEBUG=1",
					"$(inherited)",
				);
				GCC_WARN_64_TO_32_BIT_CONVERSION = YES;
				GCC_WARN_ABOUT_RETURN_TYPE = YES_ERROR;
				GCC_WARN_UNDECLARED_SELECTOR = YES;
				GCC_WARN_UNINITIALIZED_AUTOS = YES_AGGRESSIVE;
				GCC_WARN_UNUSED_FUNCTION = YES;
				GCC_WARN_UNUSED_VARIABLE = YES;
				IPHONEOS_DEPLOYMENT_TARGET = 13.0;
				MTL_ENABLE_DEBUG_INFO = INCLUDE_SOURCE;
				MTL_FAST_MATH = YES;
				ONLY_ACTIVE_ARCH = YES;
				SDKROOT = iphoneos;
				SWIFT_ACTIVE_COMPILATION_CONDITIONS = DEBUG;
				SWIFT_OPTIMIZATION_LEVEL = "-Onone";
			};
			name = Debug;
		};
		544DB0072398F9BE0010595E /* Release */ = {
			isa = XCBuildConfiguration;
			buildSettings = {
				ALWAYS_SEARCH_USER_PATHS = NO;
				CLANG_ANALYZER_NONNULL = YES;
				CLANG_ANALYZER_NUMBER_OBJECT_CONVERSION = YES_AGGRESSIVE;
				CLANG_CXX_LANGUAGE_STANDARD = "gnu++14";
				CLANG_CXX_LIBRARY = "libc++";
				CLANG_ENABLE_MODULES = YES;
				CLANG_ENABLE_OBJC_ARC = YES;
				CLANG_ENABLE_OBJC_WEAK = YES;
				CLANG_WARN_BLOCK_CAPTURE_AUTORELEASING = YES;
				CLANG_WARN_BOOL_CONVERSION = YES;
				CLANG_WARN_COMMA = YES;
				CLANG_WARN_CONSTANT_CONVERSION = YES;
				CLANG_WARN_DEPRECATED_OBJC_IMPLEMENTATIONS = YES;
				CLANG_WARN_DIRECT_OBJC_ISA_USAGE = YES_ERROR;
				CLANG_WARN_DOCUMENTATION_COMMENTS = YES;
				CLANG_WARN_EMPTY_BODY = YES;
				CLANG_WARN_ENUM_CONVERSION = YES;
				CLANG_WARN_INFINITE_RECURSION = YES;
				CLANG_WARN_INT_CONVERSION = YES;
				CLANG_WARN_NON_LITERAL_NULL_CONVERSION = YES;
				CLANG_WARN_OBJC_IMPLICIT_RETAIN_SELF = YES;
				CLANG_WARN_OBJC_LITERAL_CONVERSION = YES;
				CLANG_WARN_OBJC_ROOT_CLASS = YES_ERROR;
				CLANG_WARN_RANGE_LOOP_ANALYSIS = YES;
				CLANG_WARN_STRICT_PROTOTYPES = YES;
				CLANG_WARN_SUSPICIOUS_MOVE = YES;
				CLANG_WARN_UNGUARDED_AVAILABILITY = YES_AGGRESSIVE;
				CLANG_WARN_UNREACHABLE_CODE = YES;
				CLANG_WARN__DUPLICATE_METHOD_MATCH = YES;
				COPY_PHASE_STRIP = NO;
				DEBUG_INFORMATION_FORMAT = "dwarf-with-dsym";
				ENABLE_NS_ASSERTIONS = NO;
				ENABLE_STRICT_OBJC_MSGSEND = YES;
				GCC_C_LANGUAGE_STANDARD = gnu11;
				GCC_NO_COMMON_BLOCKS = YES;
				GCC_WARN_64_TO_32_BIT_CONVERSION = YES;
				GCC_WARN_ABOUT_RETURN_TYPE = YES_ERROR;
				GCC_WARN_UNDECLARED_SELECTOR = YES;
				GCC_WARN_UNINITIALIZED_AUTOS = YES_AGGRESSIVE;
				GCC_WARN_UNUSED_FUNCTION = YES;
				GCC_WARN_UNUSED_VARIABLE = YES;
				IPHONEOS_DEPLOYMENT_TARGET = 13.0;
				MTL_ENABLE_DEBUG_INFO = NO;
				MTL_FAST_MATH = YES;
				SDKROOT = iphoneos;
				SWIFT_COMPILATION_MODE = wholemodule;
				SWIFT_OPTIMIZATION_LEVEL = "-O";
				VALIDATE_PRODUCT = YES;
			};
			name = Release;
		};
		544DB0092398F9BE0010595E /* Debug */ = {
			isa = XCBuildConfiguration;
			baseConfigurationReference = 5717AB233DED98B980A211F9 /* Pods-FindGoodCafe.debug.xcconfig */;
			buildSettings = {
				ASSETCATALOG_COMPILER_APPICON_NAME = AppIcon;
				CODE_SIGN_STYLE = Automatic;
				DEVELOPMENT_TEAM = 244PY8XQKP;
				INFOPLIST_FILE = FindGoodCafe/Info.plist;
				LD_RUNPATH_SEARCH_PATHS = (
					"$(inherited)",
					"@executable_path/Frameworks",
				);
				PRODUCT_BUNDLE_IDENTIFIER = com.GordonFeng.FindGoodCafe;
				PRODUCT_NAME = "$(TARGET_NAME)";
				SWIFT_VERSION = 5.0;
				TARGETED_DEVICE_FAMILY = "1,2";
			};
			name = Debug;
		};
		544DB00A2398F9BE0010595E /* Release */ = {
			isa = XCBuildConfiguration;
			baseConfigurationReference = 71BE1B70CE65DC5B5309BB85 /* Pods-FindGoodCafe.release.xcconfig */;
			buildSettings = {
				ASSETCATALOG_COMPILER_APPICON_NAME = AppIcon;
				CODE_SIGN_STYLE = Automatic;
				DEVELOPMENT_TEAM = 244PY8XQKP;
				INFOPLIST_FILE = FindGoodCafe/Info.plist;
				LD_RUNPATH_SEARCH_PATHS = (
					"$(inherited)",
					"@executable_path/Frameworks",
				);
				PRODUCT_BUNDLE_IDENTIFIER = com.GordonFeng.FindGoodCafe;
				PRODUCT_NAME = "$(TARGET_NAME)";
				SWIFT_VERSION = 5.0;
				TARGETED_DEVICE_FAMILY = "1,2";
			};
			name = Release;
		};
		544DB00C2398F9BE0010595E /* Debug */ = {
			isa = XCBuildConfiguration;
			baseConfigurationReference = 1F767ED17A9D5DFC420910B3 /* Pods-FindGoodCafeTests.debug.xcconfig */;
			buildSettings = {
				ALWAYS_EMBED_SWIFT_STANDARD_LIBRARIES = YES;
				BUNDLE_LOADER = "$(TEST_HOST)";
				CODE_SIGN_STYLE = Automatic;
				DEVELOPMENT_TEAM = 244PY8XQKP;
				INFOPLIST_FILE = FindGoodCafeTests/Info.plist;
				IPHONEOS_DEPLOYMENT_TARGET = 13.0;
				LD_RUNPATH_SEARCH_PATHS = (
					"$(inherited)",
					"@executable_path/Frameworks",
					"@loader_path/Frameworks",
				);
				PRODUCT_BUNDLE_IDENTIFIER = com.GordonFeng.FindGoodCafeTests;
				PRODUCT_NAME = "$(TARGET_NAME)";
				SWIFT_VERSION = 5.0;
				TARGETED_DEVICE_FAMILY = "1,2";
				TEST_HOST = "$(BUILT_PRODUCTS_DIR)/FindGoodCafe.app/FindGoodCafe";
			};
			name = Debug;
		};
		544DB00D2398F9BE0010595E /* Release */ = {
			isa = XCBuildConfiguration;
			baseConfigurationReference = 14B36EDB888D83AE1280D10D /* Pods-FindGoodCafeTests.release.xcconfig */;
			buildSettings = {
				ALWAYS_EMBED_SWIFT_STANDARD_LIBRARIES = YES;
				BUNDLE_LOADER = "$(TEST_HOST)";
				CODE_SIGN_STYLE = Automatic;
				DEVELOPMENT_TEAM = 244PY8XQKP;
				INFOPLIST_FILE = FindGoodCafeTests/Info.plist;
				IPHONEOS_DEPLOYMENT_TARGET = 13.0;
				LD_RUNPATH_SEARCH_PATHS = (
					"$(inherited)",
					"@executable_path/Frameworks",
					"@loader_path/Frameworks",
				);
				PRODUCT_BUNDLE_IDENTIFIER = com.GordonFeng.FindGoodCafeTests;
				PRODUCT_NAME = "$(TARGET_NAME)";
				SWIFT_VERSION = 5.0;
				TARGETED_DEVICE_FAMILY = "1,2";
				TEST_HOST = "$(BUILT_PRODUCTS_DIR)/FindGoodCafe.app/FindGoodCafe";
			};
			name = Release;
		};
		544DB00F2398F9BE0010595E /* Debug */ = {
			isa = XCBuildConfiguration;
			baseConfigurationReference = D247980237DE63F5064A9E80 /* Pods-FindGoodCafe-FindGoodCafeUITests.debug.xcconfig */;
			buildSettings = {
				ALWAYS_EMBED_SWIFT_STANDARD_LIBRARIES = YES;
				CODE_SIGN_STYLE = Automatic;
				DEVELOPMENT_TEAM = 244PY8XQKP;
				INFOPLIST_FILE = FindGoodCafeUITests/Info.plist;
				LD_RUNPATH_SEARCH_PATHS = (
					"$(inherited)",
					"@executable_path/Frameworks",
					"@loader_path/Frameworks",
				);
				PRODUCT_BUNDLE_IDENTIFIER = com.GordonFeng.FindGoodCafeUITests;
				PRODUCT_NAME = "$(TARGET_NAME)";
				SWIFT_VERSION = 5.0;
				TARGETED_DEVICE_FAMILY = "1,2";
				TEST_TARGET_NAME = FindGoodCafe;
			};
			name = Debug;
		};
		544DB0102398F9BE0010595E /* Release */ = {
			isa = XCBuildConfiguration;
			baseConfigurationReference = 25099032B78172739CCC6C50 /* Pods-FindGoodCafe-FindGoodCafeUITests.release.xcconfig */;
			buildSettings = {
				ALWAYS_EMBED_SWIFT_STANDARD_LIBRARIES = YES;
				CODE_SIGN_STYLE = Automatic;
				DEVELOPMENT_TEAM = 244PY8XQKP;
				INFOPLIST_FILE = FindGoodCafeUITests/Info.plist;
				LD_RUNPATH_SEARCH_PATHS = (
					"$(inherited)",
					"@executable_path/Frameworks",
					"@loader_path/Frameworks",
				);
				PRODUCT_BUNDLE_IDENTIFIER = com.GordonFeng.FindGoodCafeUITests;
				PRODUCT_NAME = "$(TARGET_NAME)";
				SWIFT_VERSION = 5.0;
				TARGETED_DEVICE_FAMILY = "1,2";
				TEST_TARGET_NAME = FindGoodCafe;
			};
			name = Release;
		};
/* End XCBuildConfiguration section */

/* Begin XCConfigurationList section */
		544DAFD92398F9BD0010595E /* Build configuration list for PBXProject "FindGoodCafe" */ = {
			isa = XCConfigurationList;
			buildConfigurations = (
				544DB0062398F9BE0010595E /* Debug */,
				544DB0072398F9BE0010595E /* Release */,
			);
			defaultConfigurationIsVisible = 0;
			defaultConfigurationName = Release;
		};
		544DB0082398F9BE0010595E /* Build configuration list for PBXNativeTarget "FindGoodCafe" */ = {
			isa = XCConfigurationList;
			buildConfigurations = (
				544DB0092398F9BE0010595E /* Debug */,
				544DB00A2398F9BE0010595E /* Release */,
			);
			defaultConfigurationIsVisible = 0;
			defaultConfigurationName = Release;
		};
		544DB00B2398F9BE0010595E /* Build configuration list for PBXNativeTarget "FindGoodCafeTests" */ = {
			isa = XCConfigurationList;
			buildConfigurations = (
				544DB00C2398F9BE0010595E /* Debug */,
				544DB00D2398F9BE0010595E /* Release */,
			);
			defaultConfigurationIsVisible = 0;
			defaultConfigurationName = Release;
		};
		544DB00E2398F9BE0010595E /* Build configuration list for PBXNativeTarget "FindGoodCafeUITests" */ = {
			isa = XCConfigurationList;
			buildConfigurations = (
				544DB00F2398F9BE0010595E /* Debug */,
				544DB0102398F9BE0010595E /* Release */,
			);
			defaultConfigurationIsVisible = 0;
			defaultConfigurationName = Release;
		};
/* End XCConfigurationList section */
	};
	rootObject = 544DAFD62398F9BD0010595E /* Project object */;
}
